
Microsoft Visual Studio Solution File, Format Version 12.00
# Visual Studio Version 17
VisualStudioVersion = 17.9.34607.119
MinimumVisualStudioVersion = 10.0.40219.1
Project("{FAE04EC0-301F-11D3-BF4B-00C04F79EFBC}") = "Ukiatality", "Ukiatality.csproj", "{08DA8B0D-99CC-4954-92C1-854AE140AFB5}"
EndProject
Global
	GlobalSection(SolutionConfigurationPlatforms) = preSolution
		Debug|Any CPU = Debug|Any CPU
		Release|Any CPU = Release|Any CPU
	EndGlobalSection
	GlobalSection(ProjectConfigurationPlatforms) = postSolution
		{08DA8B0D-99CC-4954-92C1-854AE140AFB5}.Debug|Any CPU.ActiveCfg = Debug|Any CPU
		{08DA8B0D-99CC-4954-92C1-854AE140AFB5}.Debug|Any CPU.Build.0 = Debug|Any CPU
		{08DA8B0D-99CC-4954-92C1-854AE140AFB5}.Release|Any CPU.ActiveCfg = Release|Any CPU
		{08DA8B0D-99CC-4954-92C1-854AE140AFB5}.Release|Any CPU.Build.0 = Release|Any CPU
	EndGlobalSection
	GlobalSection(SolutionProperties) = preSolution
		HideSolutionNode = FALSE
	EndGlobalSection
	GlobalSection(ExtensibilityGlobals) = postSolution
		SolutionGuid = {CE6045CC-8EC2-41E3-B3D9-C0A9FAD0A62F}
	EndGlobalSection
EndGlobal
